
Microsoft Visual Studio Solution File, Format Version 12.00
# Visual Studio Version 17
VisualStudioVersion = 17.7.34221.43
MinimumVisualStudioVersion = 10.0.40219.1
Project("{8BC9CEB8-8B4A-11D0-8D11-00A0C91BC942}") = "payroll", "payroll.vcxproj", "{F12F3B05-8E1C-4C00-B958-5C4D56472EBA}"
EndProject
Global
	GlobalSection(SolutionConfigurationPlatforms) = preSolution
		Debug|x64 = Debug|x64
		Debug|x86 = Debug|x86
		Release|x64 = Release|x64
		Release|x86 = Release|x86
	EndGlobalSection
	GlobalSection(ProjectConfigurationPlatforms) = postSolution
		{F12F3B05-8E1C-4C00-B958-5C4D56472EBA}.Debug|x64.ActiveCfg = Debug|x64
		{F12F3B05-8E1C-4C00-B958-5C4D56472EBA}.Debug|x64.Build.0 = Debug|x64
		{F12F3B05-8E1C-4C00-B958-5C4D56472EBA}.Debug|x86.ActiveCfg = Debug|Win32
		{F12F3B05-8E1C-4C00-B958-5C4D56472EBA}.Debug|x86.Build.0 = Debug|Win32
		{F12F3B05-8E1C-4C00-B958-5C4D56472EBA}.Release|x64.ActiveCfg = Release|x64
		{F12F3B05-8E1C-4C00-B958-5C4D56472EBA}.Release|x64.Build.0 = Release|x64
		{F12F3B05-8E1C-4C00-B958-5C4D56472EBA}.Release|x86.ActiveCfg = Release|Win32
		{F12F3B05-8E1C-4C00-B958-5C4D56472EBA}.Release|x86.Build.0 = Release|Win32
	EndGlobalSection
	GlobalSection(SolutionProperties) = preSolution
		HideSolutionNode = FALSE
	EndGlobalSection
	GlobalSection(ExtensibilityGlobals) = postSolution
		SolutionGuid = {01A34881-AC1A-49A0-A080-9B4908F24E22}
	EndGlobalSection
EndGlobal
